
Microsoft Visual Studio Solution File, Format Version 10.00
# Visual Studio 2008
Project("{FAE04EC0-301F-11D3-BF4B-00C04F79EFBC}") = "MvcGrid1.Core", "MvcGrid1.Core\MvcGrid1.Core.csproj", "{4783FA58-0C0C-4376-B226-77EFF435B29F}"
EndProject
Project("{FAE04EC0-301F-11D3-BF4B-00C04F79EFBC}") = "MvcGrid1.Web", "MvcGrid1.Web\MvcGrid1.Web.csproj", "{07E11CFC-6685-4139-93E5-259AD4A00639}"
EndProject
Global
	GlobalSection(SolutionConfigurationPlatforms) = preSolution
		Debug|Any CPU = Debug|Any CPU
		Release|Any CPU = Release|Any CPU
	EndGlobalSection
	GlobalSection(ProjectConfigurationPlatforms) = postSolution
		{4783FA58-0C0C-4376-B226-77EFF435B29F}.Debug|Any CPU.ActiveCfg = Debug|Any CPU
		{4783FA58-0C0C-4376-B226-77EFF435B29F}.Debug|Any CPU.Build.0 = Debug|Any CPU
		{4783FA58-0C0C-4376-B226-77EFF435B29F}.Release|Any CPU.ActiveCfg = Release|Any CPU
		{4783FA58-0C0C-4376-B226-77EFF435B29F}.Release|Any CPU.Build.0 = Release|Any CPU
		{07E11CFC-6685-4139-93E5-259AD4A00639}.Debug|Any CPU.ActiveCfg = Debug|Any CPU
		{07E11CFC-6685-4139-93E5-259AD4A00639}.Debug|Any CPU.Build.0 = Debug|Any CPU
		{07E11CFC-6685-4139-93E5-259AD4A00639}.Release|Any CPU.ActiveCfg = Release|Any CPU
		{07E11CFC-6685-4139-93E5-259AD4A00639}.Release|Any CPU.Build.0 = Release|Any CPU
	EndGlobalSection
	GlobalSection(SolutionProperties) = preSolution
		HideSolutionNode = FALSE
	EndGlobalSection
EndGlobal
